
Microsoft Visual Studio Solution File, Format Version 12.00
# Visual Studio Version 16
VisualStudioVersion = 16.0.31424.327
MinimumVisualStudioVersion = 10.0.40219.1
Project("{FAE04EC0-301F-11D3-BF4B-00C04F79EFBC}") = "ConsoleAppMaze", "ConsoleAppMaze.csproj", "{10B6ED24-E301-4589-AE76-C5E7CC2817C9}"
EndProject
Global
	GlobalSection(SolutionConfigurationPlatforms) = preSolution
		Debug|Any CPU = Debug|Any CPU
		Release|Any CPU = Release|Any CPU
	EndGlobalSection
	GlobalSection(ProjectConfigurationPlatforms) = postSolution
		{10B6ED24-E301-4589-AE76-C5E7CC2817C9}.Debug|Any CPU.ActiveCfg = Debug|Any CPU
		{10B6ED24-E301-4589-AE76-C5E7CC2817C9}.Debug|Any CPU.Build.0 = Debug|Any CPU
		{10B6ED24-E301-4589-AE76-C5E7CC2817C9}.Release|Any CPU.ActiveCfg = Release|Any CPU
		{10B6ED24-E301-4589-AE76-C5E7CC2817C9}.Release|Any CPU.Build.0 = Release|Any CPU
	EndGlobalSection
	GlobalSection(SolutionProperties) = preSolution
		HideSolutionNode = FALSE
	EndGlobalSection
	GlobalSection(ExtensibilityGlobals) = postSolution
		SolutionGuid = {5F4855DE-DF55-4368-8246-68DEB52A05AC}
	EndGlobalSection
EndGlobal
